
Microsoft Visual Studio Solution File, Format Version 12.00
# Visual Studio Version 17
VisualStudioVersion = 17.3.32922.545
MinimumVisualStudioVersion = 10.0.40219.1
Project("{FAE04EC0-301F-11D3-BF4B-00C04F79EFBC}") = "Ejercicio30", "Ejercicio30\Ejercicio30.csproj", "{B5276734-25D0-441C-9BF4-564B3D2C5897}"
EndProject
Global
	GlobalSection(SolutionConfigurationPlatforms) = preSolution
		Debug|Any CPU = Debug|Any CPU
		Release|Any CPU = Release|Any CPU
	EndGlobalSection
	GlobalSection(ProjectConfigurationPlatforms) = postSolution
		{B5276734-25D0-441C-9BF4-564B3D2C5897}.Debug|Any CPU.ActiveCfg = Debug|Any CPU
		{B5276734-25D0-441C-9BF4-564B3D2C5897}.Debug|Any CPU.Build.0 = Debug|Any CPU
		{B5276734-25D0-441C-9BF4-564B3D2C5897}.Release|Any CPU.ActiveCfg = Release|Any CPU
		{B5276734-25D0-441C-9BF4-564B3D2C5897}.Release|Any CPU.Build.0 = Release|Any CPU
	EndGlobalSection
	GlobalSection(SolutionProperties) = preSolution
		HideSolutionNode = FALSE
	EndGlobalSection
	GlobalSection(ExtensibilityGlobals) = postSolution
		SolutionGuid = {D17FD78F-DA0E-4514-8B87-C2B3370263CD}
	EndGlobalSection
EndGlobal
