
Microsoft Visual Studio Solution File, Format Version 12.00
# Visual Studio Version 17
VisualStudioVersion = 17.3.32922.545
MinimumVisualStudioVersion = 10.0.40219.1
Project("{FAE04EC0-301F-11D3-BF4B-00C04F79EFBC}") = "Ejercicio17", "Ejercicio17\Ejercicio17.csproj", "{BC06C419-C45C-46E9-837B-FE1E90181930}"
EndProject
Global
	GlobalSection(SolutionConfigurationPlatforms) = preSolution
		Debug|Any CPU = Debug|Any CPU
		Release|Any CPU = Release|Any CPU
	EndGlobalSection
	GlobalSection(ProjectConfigurationPlatforms) = postSolution
		{BC06C419-C45C-46E9-837B-FE1E90181930}.Debug|Any CPU.ActiveCfg = Debug|Any CPU
		{BC06C419-C45C-46E9-837B-FE1E90181930}.Debug|Any CPU.Build.0 = Debug|Any CPU
		{BC06C419-C45C-46E9-837B-FE1E90181930}.Release|Any CPU.ActiveCfg = Release|Any CPU
		{BC06C419-C45C-46E9-837B-FE1E90181930}.Release|Any CPU.Build.0 = Release|Any CPU
	EndGlobalSection
	GlobalSection(SolutionProperties) = preSolution
		HideSolutionNode = FALSE
	EndGlobalSection
	GlobalSection(ExtensibilityGlobals) = postSolution
		SolutionGuid = {9E37CDD1-4C0F-448B-805D-B3E2D82A1BE3}
	EndGlobalSection
EndGlobal
