
Microsoft Visual Studio Solution File, Format Version 12.00
# Visual Studio Version 17
VisualStudioVersion = 17.3.32922.545
MinimumVisualStudioVersion = 10.0.40219.1
Project("{FAE04EC0-301F-11D3-BF4B-00C04F79EFBC}") = "Ejercicio12", "Ejercicio12\Ejercicio12.csproj", "{EA4B31F2-2514-46DD-8910-A46B7446BA25}"
EndProject
Global
	GlobalSection(SolutionConfigurationPlatforms) = preSolution
		Debug|Any CPU = Debug|Any CPU
		Release|Any CPU = Release|Any CPU
	EndGlobalSection
	GlobalSection(ProjectConfigurationPlatforms) = postSolution
		{EA4B31F2-2514-46DD-8910-A46B7446BA25}.Debug|Any CPU.ActiveCfg = Debug|Any CPU
		{EA4B31F2-2514-46DD-8910-A46B7446BA25}.Debug|Any CPU.Build.0 = Debug|Any CPU
		{EA4B31F2-2514-46DD-8910-A46B7446BA25}.Release|Any CPU.ActiveCfg = Release|Any CPU
		{EA4B31F2-2514-46DD-8910-A46B7446BA25}.Release|Any CPU.Build.0 = Release|Any CPU
	EndGlobalSection
	GlobalSection(SolutionProperties) = preSolution
		HideSolutionNode = FALSE
	EndGlobalSection
	GlobalSection(ExtensibilityGlobals) = postSolution
		SolutionGuid = {413C2127-B563-4EDC-B105-8135F8F4AF8F}
	EndGlobalSection
EndGlobal
